
Microsoft Visual Studio Solution File, Format Version 12.00
# Visual Studio Version 17
VisualStudioVersion = 17.4.33110.190
MinimumVisualStudioVersion = 10.0.40219.1
Project("{FAE04EC0-301F-11D3-BF4B-00C04F79EFBC}") = "NetOpenApi.Api", "NetOpenApi.Api\NetOpenApi.Api.csproj", "{46A31DE4-A62A-43A4-98C2-73661A02320C}"
EndProject
Global
	GlobalSection(SolutionConfigurationPlatforms) = preSolution
		Debug|Any CPU = Debug|Any CPU
		Release|Any CPU = Release|Any CPU
	EndGlobalSection
	GlobalSection(ProjectConfigurationPlatforms) = postSolution
		{46A31DE4-A62A-43A4-98C2-73661A02320C}.Debug|Any CPU.ActiveCfg = Debug|Any CPU
		{46A31DE4-A62A-43A4-98C2-73661A02320C}.Debug|Any CPU.Build.0 = Debug|Any CPU
		{46A31DE4-A62A-43A4-98C2-73661A02320C}.Release|Any CPU.ActiveCfg = Release|Any CPU
		{46A31DE4-A62A-43A4-98C2-73661A02320C}.Release|Any CPU.Build.0 = Release|Any CPU
	EndGlobalSection
	GlobalSection(SolutionProperties) = preSolution
		HideSolutionNode = FALSE
	EndGlobalSection
	GlobalSection(ExtensibilityGlobals) = postSolution
		SolutionGuid = {B22A5D27-BE19-4339-8D7C-A995B91B5C1B}
	EndGlobalSection
EndGlobal
